
Microsoft Visual Studio Solution File, Format Version 12.00
# Visual Studio Version 16
VisualStudioVersion = 16.0.32126.315
MinimumVisualStudioVersion = 10.0.40219.1
Project("{FAE04EC0-301F-11D3-BF4B-00C04F79EFBC}") = "Ecodation_Hafiza_Oyunu", "Ecodation_Hafiza_Oyunu\Ecodation_Hafiza_Oyunu.csproj", "{ACC1AD0D-F70C-454C-B3B4-B4FA22331A79}"
EndProject
Global
	GlobalSection(SolutionConfigurationPlatforms) = preSolution
		Debug|Any CPU = Debug|Any CPU
		Release|Any CPU = Release|Any CPU
	EndGlobalSection
	GlobalSection(ProjectConfigurationPlatforms) = postSolution
		{ACC1AD0D-F70C-454C-B3B4-B4FA22331A79}.Debug|Any CPU.ActiveCfg = Debug|Any CPU
		{ACC1AD0D-F70C-454C-B3B4-B4FA22331A79}.Debug|Any CPU.Build.0 = Debug|Any CPU
		{ACC1AD0D-F70C-454C-B3B4-B4FA22331A79}.Release|Any CPU.ActiveCfg = Release|Any CPU
		{ACC1AD0D-F70C-454C-B3B4-B4FA22331A79}.Release|Any CPU.Build.0 = Release|Any CPU
	EndGlobalSection
	GlobalSection(SolutionProperties) = preSolution
		HideSolutionNode = FALSE
	EndGlobalSection
	GlobalSection(ExtensibilityGlobals) = postSolution
		SolutionGuid = {6F9A7BEC-0291-4DE0-A653-C7CD0D5B877C}
	EndGlobalSection
EndGlobal
